
Microsoft Visual Studio Solution File, Format Version 12.00
Project("{FAE04EC0-301F-11D3-BF4B-00C04F79EFBC}") = "InvoiceAPI", "InvoiceAPI\InvoiceAPI.csproj", "{E8DB49C6-7B84-4DF2-A2A1-321757796E13}"
EndProject
Global
	GlobalSection(SolutionConfigurationPlatforms) = preSolution
		Debug|Any CPU = Debug|Any CPU
		Release|Any CPU = Release|Any CPU
	EndGlobalSection
	GlobalSection(ProjectConfigurationPlatforms) = postSolution
		{E8DB49C6-7B84-4DF2-A2A1-321757796E13}.Debug|Any CPU.ActiveCfg = Debug|Any CPU
		{E8DB49C6-7B84-4DF2-A2A1-321757796E13}.Debug|Any CPU.Build.0 = Debug|Any CPU
		{E8DB49C6-7B84-4DF2-A2A1-321757796E13}.Release|Any CPU.ActiveCfg = Release|Any CPU
		{E8DB49C6-7B84-4DF2-A2A1-321757796E13}.Release|Any CPU.Build.0 = Release|Any CPU
	EndGlobalSection
EndGlobal
